// !$*UTF8*$!
{
	archiveVersion = 1;
	classes = {
	};
	objectVersion = 46;
	objects = {

/* Begin PBXBuildFile section */
		B4DAA7761350418B00415B58 /* SymbolicLinkerService.icns in Resources */ = {isa = PBXBuildFile; fileRef = B4DAA7751350418B00415B58 /* SymbolicLinkerService.icns */; };
		E0C9460510462EF300C4B20E /* ServicesMenu.strings in Resources */ = {isa = PBXBuildFile; fileRef = E0C9460410462EF300C4B20E /* ServicesMenu.strings */; };
		E0E29B591041ED13001084AF /* MainMenu.xib in Resources */ = {isa = PBXBuildFile; fileRef = E0E29B581041ED13001084AF /* MainMenu.xib */; };
		E0E29B5C1041ED34001084AF /* SLAppDelegate.m in Sources */ = {isa = PBXBuildFile; fileRef = E0E29B5B1041ED34001084AF /* SLAppDelegate.m */; };
		E0E29B5E1041ED85001084AF /* Cocoa.framework in Frameworks */ = {isa = PBXBuildFile; fileRef = E0E29B5D1041ED85001084AF /* Cocoa.framework */; };
		E0E29B681041FAA4001084AF /* SymbolicLinker.m in Sources */ = {isa = PBXBuildFile; fileRef = E097F838060EB98E00B686E5 /* SymbolicLinker.m */; };
		E0E29B701041FB54001084AF /* Localizable.strings in Resources */ = {isa = PBXBuildFile; fileRef = E06E73120552083D007DB405 /* Localizable.strings */; };
		E0E29B851041FBAD001084AF /* InfoPlist.strings in Resources */ = {isa = PBXBuildFile; fileRef = E06E731A05520862007DB405 /* InfoPlist.strings */; };
/* End PBXBuildFile section */

/* Begin PBXFileReference section */
		B4DAA7751350418B00415B58 /* SymbolicLinkerService.icns */ = {isa = PBXFileReference; lastKnownFileType = image.icns; path = SymbolicLinkerService.icns; sourceTree = "<group>"; };
		E021A34B08D7B2150061C7A7 /* ja */ = {isa = PBXFileReference; fileEncoding = 10; lastKnownFileType = text.plist.strings; name = ja; path = ja.lproj/Localizable.strings; sourceTree = "<group>"; };
		E021A34C08D7B2230061C7A7 /* ja */ = {isa = PBXFileReference; fileEncoding = 10; lastKnownFileType = text.plist.strings; name = ja; path = ja.lproj/InfoPlist.strings; sourceTree = "<group>"; };
		E031AD40211916B800934D87 /* ca */ = {isa = PBXFileReference; lastKnownFileType = text.plist.strings; name = ca; path = ca.lproj/InfoPlist.strings; sourceTree = "<group>"; };
		E031AD41211916C800934D87 /* ca */ = {isa = PBXFileReference; lastKnownFileType = text.plist.strings; name = ca; path = ca.lproj/Localizable.strings; sourceTree = "<group>"; };
		E031AD42211916DD00934D87 /* ca */ = {isa = PBXFileReference; lastKnownFileType = text.plist.strings; name = ca; path = ca.lproj/ServicesMenu.strings; sourceTree = "<group>"; };
		E06E73130552083D007DB405 /* en */ = {isa = PBXFileReference; fileEncoding = 10; lastKnownFileType = text.plist.strings; name = en; path = en.lproj/Localizable.strings; sourceTree = "<group>"; };
		E06E731705520853007DB405 /* fr */ = {isa = PBXFileReference; fileEncoding = 10; lastKnownFileType = text.plist.strings; name = fr; path = fr.lproj/Localizable.strings; sourceTree = "<group>"; };
		E06E731B05520862007DB405 /* en */ = {isa = PBXFileReference; fileEncoding = 10; lastKnownFileType = text.plist.strings; name = en; path = en.lproj/InfoPlist.strings; sourceTree = "<group>"; };
		E06E731F05520870007DB405 /* fr */ = {isa = PBXFileReference; fileEncoding = 10; lastKnownFileType = text.plist.strings; name = fr; path = fr.lproj/InfoPlist.strings; sourceTree = "<group>"; };
		E06E73200552089D007DB405 /* de */ = {isa = PBXFileReference; fileEncoding = 10; lastKnownFileType = text.plist.strings; name = de; path = de.lproj/InfoPlist.strings; sourceTree = "<group>"; };
		E06E7321055208A7007DB405 /* de */ = {isa = PBXFileReference; fileEncoding = 10; lastKnownFileType = text.plist.strings; name = de; path = de.lproj/Localizable.strings; sourceTree = "<group>"; };
		E06E73220552090B007DB405 /* tr */ = {isa = PBXFileReference; fileEncoding = 10; lastKnownFileType = text.plist.strings; name = tr; path = tr.lproj/Localizable.strings; sourceTree = "<group>"; };
		E06E732305520923007DB405 /* tr */ = {isa = PBXFileReference; fileEncoding = 10; lastKnownFileType = text.plist.strings; name = tr; path = tr.lproj/InfoPlist.strings; sourceTree = "<group>"; };
		E06E73240552095E007DB405 /* sv */ = {isa = PBXFileReference; fileEncoding = 10; lastKnownFileType = text.plist.strings; name = sv; path = sv.lproj/InfoPlist.strings; sourceTree = "<group>"; };
		E06E732505520964007DB405 /* sv */ = {isa = PBXFileReference; fileEncoding = 10; lastKnownFileType = text.plist.strings; name = sv; path = sv.lproj/Localizable.strings; sourceTree = "<group>"; };
		E06E7326055209B5007DB405 /* es */ = {isa = PBXFileReference; fileEncoding = 10; lastKnownFileType = text.plist.strings; name = es; path = es.lproj/Localizable.strings; sourceTree = "<group>"; };
		E06E7327055209BC007DB405 /* es */ = {isa = PBXFileReference; fileEncoding = 10; lastKnownFileType = text.plist.strings; name = es; path = es.lproj/InfoPlist.strings; sourceTree = "<group>"; };
		E085557C12217F5600ACC9EF /* pt */ = {isa = PBXFileReference; fileEncoding = 10; lastKnownFileType = text.plist.strings; name = pt; path = pt.lproj/Localizable.strings; sourceTree = "<group>"; };
		E085557E12217F6300ACC9EF /* pt */ = {isa = PBXFileReference; fileEncoding = 10; lastKnownFileType = text.plist.strings; name = pt; path = pt.lproj/InfoPlist.strings; sourceTree = "<group>"; };
		E085557F12217F6B00ACC9EF /* pt */ = {isa = PBXFileReference; fileEncoding = 10; lastKnownFileType = text.plist.strings; name = pt; path = pt.lproj/ServicesMenu.strings; sourceTree = "<group>"; };
		E0926ED710C8A85C005F5647 /* nl */ = {isa = PBXFileReference; fileEncoding = 10; lastKnownFileType = text.plist.strings; name = nl; path = nl.lproj/Localizable.strings; sourceTree = "<group>"; };
		E0926ED810C8A865005F5647 /* nl */ = {isa = PBXFileReference; fileEncoding = 10; lastKnownFileType = text.plist.strings; name = nl; path = nl.lproj/InfoPlist.strings; sourceTree = "<group>"; };
		E0926ED910C8A86C005F5647 /* nl */ = {isa = PBXFileReference; fileEncoding = 10; lastKnownFileType = text.plist.strings; name = nl; path = nl.lproj/ServicesMenu.strings; sourceTree = "<group>"; };
		E097F837060EB98E00B686E5 /* SymbolicLinker.h */ = {isa = PBXFileReference; fileEncoding = 4; lastKnownFileType = sourcecode.c.h; path = SymbolicLinker.h; sourceTree = "<group>"; };
		E097F838060EB98E00B686E5 /* SymbolicLinker.m */ = {isa = PBXFileReference; fileEncoding = 4; lastKnownFileType = sourcecode.c.objc; path = SymbolicLinker.m; sourceTree = "<group>"; };
		E0BC0AE713A5D42500034901 /* nb */ = {isa = PBXFileReference; fileEncoding = 10; lastKnownFileType = text.plist.strings; name = nb; path = nb.lproj/Localizable.strings; sourceTree = "<group>"; };
		E0BC0AE813A5D42800034901 /* nn */ = {isa = PBXFileReference; fileEncoding = 10; lastKnownFileType = text.plist.strings; name = nn; path = nn.lproj/Localizable.strings; sourceTree = "<group>"; };
		E0BC0AE913A5D43100034901 /* nb */ = {isa = PBXFileReference; fileEncoding = 10; lastKnownFileType = text.plist.strings; name = nb; path = nb.lproj/InfoPlist.strings; sourceTree = "<group>"; };
		E0BC0AEA13A5D43300034901 /* nn */ = {isa = PBXFileReference; fileEncoding = 10; lastKnownFileType = text.plist.strings; name = nn; path = nn.lproj/InfoPlist.strings; sourceTree = "<group>"; };
		E0BC0AEB13A5D43A00034901 /* nb */ = {isa = PBXFileReference; fileEncoding = 10; lastKnownFileType = text.plist.strings; name = nb; path = nb.lproj/ServicesMenu.strings; sourceTree = "<group>"; };
		E0BC0AEC13A5D43D00034901 /* nn */ = {isa = PBXFileReference; fileEncoding = 10; lastKnownFileType = text.plist.strings; name = nn; path = nn.lproj/ServicesMenu.strings; sourceTree = "<group>"; };
		E0C9460610462F0400C4B20E /* en */ = {isa = PBXFileReference; fileEncoding = 10; lastKnownFileType = text.plist.strings; name = en; path = en.lproj/ServicesMenu.strings; sourceTree = "<group>"; };
		E0C9460710462F0700C4B20E /* fr */ = {isa = PBXFileReference; fileEncoding = 10; lastKnownFileType = text.plist.strings; name = fr; path = fr.lproj/ServicesMenu.strings; sourceTree = "<group>"; };
		E0C9460810462F0900C4B20E /* de */ = {isa = PBXFileReference; fileEncoding = 10; lastKnownFileType = text.plist.strings; name = de; path = de.lproj/ServicesMenu.strings; sourceTree = "<group>"; };
		E0C9460910462F0B00C4B20E /* tr */ = {isa = PBXFileReference; fileEncoding = 10; lastKnownFileType = text.plist.strings; name = tr; path = tr.lproj/ServicesMenu.strings; sourceTree = "<group>"; };
		E0C9460A10462F0E00C4B20E /* sv */ = {isa = PBXFileReference; fileEncoding = 10; lastKnownFileType = text.plist.strings; name = sv; path = sv.lproj/ServicesMenu.strings; sourceTree = "<group>"; };
		E0C9460B10462F1000C4B20E /* es */ = {isa = PBXFileReference; fileEncoding = 10; lastKnownFileType = text.plist.strings; name = es; path = es.lproj/ServicesMenu.strings; sourceTree = "<group>"; };
		E0C9460C10462F1400C4B20E /* ja */ = {isa = PBXFileReference; fileEncoding = 10; lastKnownFileType = text.plist.strings; name = ja; path = ja.lproj/ServicesMenu.strings; sourceTree = "<group>"; };
		E0C9460D10462F1600C4B20E /* it */ = {isa = PBXFileReference; fileEncoding = 10; lastKnownFileType = text.plist.strings; name = it; path = it.lproj/ServicesMenu.strings; sourceTree = "<group>"; };
		E0C9460E10462F1900C4B20E /* fi */ = {isa = PBXFileReference; fileEncoding = 10; lastKnownFileType = text.plist.strings; name = fi; path = fi.lproj/ServicesMenu.strings; sourceTree = "<group>"; };
		E0D17B270A12BC0E00D3E393 /* fi */ = {isa = PBXFileReference; fileEncoding = 10; lastKnownFileType = text.plist.strings; name = fi; path = fi.lproj/Localizable.strings; sourceTree = "<group>"; };
		E0D17B280A12BC1700D3E393 /* fi */ = {isa = PBXFileReference; fileEncoding = 10; lastKnownFileType = text.plist.strings; name = fi; path = fi.lproj/InfoPlist.strings; sourceTree = "<group>"; };
		E0D938FF08EA2480005CF3DC /* it */ = {isa = PBXFileReference; fileEncoding = 10; lastKnownFileType = text.plist.strings; name = it; path = it.lproj/InfoPlist.strings; sourceTree = "<group>"; };
		E0D9390008EA2487005CF3DC /* it */ = {isa = PBXFileReference; fileEncoding = 10; lastKnownFileType = text.plist.strings; name = it; path = it.lproj/Localizable.strings; sourceTree = "<group>"; };
		E0E29B4F1041EA5C001084AF /* SymbolicLinker.service */ = {isa = PBXFileReference; explicitFileType = wrapper.application; includeInIndex = 0; path = SymbolicLinker.service; sourceTree = BUILT_PRODUCTS_DIR; };
		E0E29B511041EA5C001084AF /* SymbolicLinkerService-Info.plist */ = {isa = PBXFileReference; lastKnownFileType = text.plist.xml; path = "SymbolicLinkerService-Info.plist"; sourceTree = "<group>"; };
		E0E29B581041ED13001084AF /* MainMenu.xib */ = {isa = PBXFileReference; lastKnownFileType = file.xib; path = MainMenu.xib; sourceTree = "<group>"; };
		E0E29B5A1041ED34001084AF /* SLAppDelegate.h */ = {isa = PBXFileReference; fileEncoding = 4; lastKnownFileType = sourcecode.c.h; path = SLAppDelegate.h; sourceTree = "<group>"; };
		E0E29B5B1041ED34001084AF /* SLAppDelegate.m */ = {isa = PBXFileReference; fileEncoding = 4; lastKnownFileType = sourcecode.c.objc; path = SLAppDelegate.m; sourceTree = "<group>"; };
		E0E29B5D1041ED85001084AF /* Cocoa.framework */ = {isa = PBXFileReference; lastKnownFileType = wrapper.framework; name = Cocoa.framework; path = /System/Library/Frameworks/Cocoa.framework; sourceTree = "<absolute>"; };
/* End PBXFileReference section */

/* Begin PBXFrameworksBuildPhase section */
		E0E29B4D1041EA5C001084AF /* Frameworks */ = {
			isa = PBXFrameworksBuildPhase;
			buildActionMask = 2147483647;
			files = (
				E0E29B5E1041ED85001084AF /* Cocoa.framework in Frameworks */,
			);
			runOnlyForDeploymentPostprocessing = 0;
		};
/* End PBXFrameworksBuildPhase section */

/* Begin PBXGroup section */
		089C166AFE841209C02AAC07 /* SymbolicLinker */ = {
			isa = PBXGroup;
			children = (
				08FB77AFFE84173DC02AAC07 /* Source */,
				089C167CFE841241C02AAC07 /* Resources */,
				089C1671FE841209C02AAC07 /* External Frameworks and Libraries */,
				19C28FB6FE9D52B211CA2CBB /* Products */,
			);
			name = SymbolicLinker;
			sourceTree = "<group>";
		};
		089C1671FE841209C02AAC07 /* External Frameworks and Libraries */ = {
			isa = PBXGroup;
			children = (
				E0E29B5D1041ED85001084AF /* Cocoa.framework */,
			);
			name = "External Frameworks and Libraries";
			sourceTree = "<group>";
		};
		089C167CFE841241C02AAC07 /* Resources */ = {
			isa = PBXGroup;
			children = (
				E0E29B511041EA5C001084AF /* SymbolicLinkerService-Info.plist */,
				B4DAA7751350418B00415B58 /* SymbolicLinkerService.icns */,
				E0E29B581041ED13001084AF /* MainMenu.xib */,
				E06E731A05520862007DB405 /* InfoPlist.strings */,
				E06E73120552083D007DB405 /* Localizable.strings */,
				E0C9460410462EF300C4B20E /* ServicesMenu.strings */,
			);
			name = Resources;
			sourceTree = "<group>";
		};
		08FB77AFFE84173DC02AAC07 /* Source */ = {
			isa = PBXGroup;
			children = (
				E0E29B5A1041ED34001084AF /* SLAppDelegate.h */,
				E0E29B5B1041ED34001084AF /* SLAppDelegate.m */,
				E097F837060EB98E00B686E5 /* SymbolicLinker.h */,
				E097F838060EB98E00B686E5 /* SymbolicLinker.m */,
			);
			name = Source;
			sourceTree = "<group>";
		};
		19C28FB6FE9D52B211CA2CBB /* Products */ = {
			isa = PBXGroup;
			children = (
				E0E29B4F1041EA5C001084AF /* SymbolicLinker.service */,
			);
			name = Products;
			sourceTree = "<group>";
		};
/* End PBXGroup section */

/* Begin PBXNativeTarget section */
		E0E29B4E1041EA5C001084AF /* SymbolicLinker-Service */ = {
			isa = PBXNativeTarget;
			buildConfigurationList = E0E29B541041EA5D001084AF /* Build configuration list for PBXNativeTarget "SymbolicLinker-Service" */;
			buildPhases = (
				E0E29B4B1041EA5C001084AF /* Resources */,
				E0E29B4C1041EA5C001084AF /* Sources */,
				E0E29B4D1041EA5C001084AF /* Frameworks */,
			);
			buildRules = (
			);
			dependencies = (
			);
			name = "SymbolicLinker-Service";
			productName = SymbolicLinkerService;
			productReference = E0E29B4F1041EA5C001084AF /* SymbolicLinker.service */;
			productType = "com.apple.product-type.application";
		};
/* End PBXNativeTarget section */

/* Begin PBXProject section */
		089C1669FE841209C02AAC07 /* Project object */ = {
			isa = PBXProject;
			attributes = {
				LastUpgradeCheck = 1220;
				TargetAttributes = {
					E0E29B4E1041EA5C001084AF = {
						DevelopmentTeam = 8D98N325TG;
						ProvisioningStyle = Automatic;
					};
				};
			};
			buildConfigurationList = E0DC7C8508D40C5B00002C54 /* Build configuration list for PBXProject "SymbolicLinker" */;
			compatibilityVersion = "Xcode 3.2";
			developmentRegion = en;
			hasScannedForEncodings = 1;
			knownRegions = (
				fr,
				en,
				de,
				tr,
				sv,
				es,
				ja,
				it,
				fi,
				nl,
				pt,
				nb,
				nn,
				ca,
				Base,
			);
			mainGroup = 089C166AFE841209C02AAC07 /* SymbolicLinker */;
			projectDirPath = "";
			projectRoot = "";
			targets = (
				E0E29B4E1041EA5C001084AF /* SymbolicLinker-Service */,
			);
		};
/* End PBXProject section */

/* Begin PBXResourcesBuildPhase section */
		E0E29B4B1041EA5C001084AF /* Resources */ = {
			isa = PBXResourcesBuildPhase;
			buildActionMask = 2147483647;
			files = (
				E0E29B591041ED13001084AF /* MainMenu.xib in Resources */,
				E0E29B701041FB54001084AF /* Localizable.strings in Resources */,
				E0E29B851041FBAD001084AF /* InfoPlist.strings in Resources */,
				E0C9460510462EF300C4B20E /* ServicesMenu.strings in Resources */,
				B4DAA7761350418B00415B58 /* SymbolicLinkerService.icns in Resources */,
			);
			runOnlyForDeploymentPostprocessing = 0;
		};
/* End PBXResourcesBuildPhase section */

/* Begin PBXSourcesBuildPhase section */
		E0E29B4C1041EA5C001084AF /* Sources */ = {
			isa = PBXSourcesBuildPhase;
			buildActionMask = 2147483647;
			files = (
				E0E29B5C1041ED34001084AF /* SLAppDelegate.m in Sources */,
				E0E29B681041FAA4001084AF /* SymbolicLinker.m in Sources */,
			);
			runOnlyForDeploymentPostprocessing = 0;
		};
/* End PBXSourcesBuildPhase section */

/* Begin PBXVariantGroup section */
		E06E73120552083D007DB405 /* Localizable.strings */ = {
			isa = PBXVariantGroup;
			children = (
				E06E73130552083D007DB405 /* en */,
				E06E731705520853007DB405 /* fr */,
				E06E7321055208A7007DB405 /* de */,
				E06E73220552090B007DB405 /* tr */,
				E06E732505520964007DB405 /* sv */,
				E06E7326055209B5007DB405 /* es */,
				E021A34B08D7B2150061C7A7 /* ja */,
				E0D9390008EA2487005CF3DC /* it */,
				E0D17B270A12BC0E00D3E393 /* fi */,
				E0926ED710C8A85C005F5647 /* nl */,
				E085557C12217F5600ACC9EF /* pt */,
				E0BC0AE713A5D42500034901 /* nb */,
				E0BC0AE813A5D42800034901 /* nn */,
				E031AD41211916C800934D87 /* ca */,
			);
			name = Localizable.strings;
			sourceTree = "<group>";
		};
		E06E731A05520862007DB405 /* InfoPlist.strings */ = {
			isa = PBXVariantGroup;
			children = (
				E06E731B05520862007DB405 /* en */,
				E06E731F05520870007DB405 /* fr */,
				E06E73200552089D007DB405 /* de */,
				E06E732305520923007DB405 /* tr */,
				E06E73240552095E007DB405 /* sv */,
				E06E7327055209BC007DB405 /* es */,
				E021A34C08D7B2230061C7A7 /* ja */,
				E0D938FF08EA2480005CF3DC /* it */,
				E0D17B280A12BC1700D3E393 /* fi */,
				E0926ED810C8A865005F5647 /* nl */,
				E085557E12217F6300ACC9EF /* pt */,
				E0BC0AE913A5D43100034901 /* nb */,
				E0BC0AEA13A5D43300034901 /* nn */,
				E031AD40211916B800934D87 /* ca */,
			);
			name = InfoPlist.strings;
			sourceTree = "<group>";
		};
		E0C9460410462EF300C4B20E /* ServicesMenu.strings */ = {
			isa = PBXVariantGroup;
			children = (
				E0C9460610462F0400C4B20E /* en */,
				E0C9460710462F0700C4B20E /* fr */,
				E0C9460810462F0900C4B20E /* de */,
				E0C9460910462F0B00C4B20E /* tr */,
				E0C9460A10462F0E00C4B20E /* sv */,
				E0C9460B10462F1000C4B20E /* es */,
				E0C9460C10462F1400C4B20E /* ja */,
				E0C9460D10462F1600C4B20E /* it */,
				E0C9460E10462F1900C4B20E /* fi */,
				E0926ED910C8A86C005F5647 /* nl */,
				E085557F12217F6B00ACC9EF /* pt */,
				E0BC0AEB13A5D43A00034901 /* nb */,
				E0BC0AEC13A5D43D00034901 /* nn */,
				E031AD42211916DD00934D87 /* ca */,
			);
			name = ServicesMenu.strings;
			sourceTree = "<group>";
		};
/* End PBXVariantGroup section */

/* Begin XCBuildConfiguration section */
		E0DC7C8608D40C5B00002C54 /* Debug */ = {
			isa = XCBuildConfiguration;
			buildSettings = {
				CLANG_ANALYZER_LOCALIZABILITY_NONLOCALIZED = YES;
				CLANG_WARN_BLOCK_CAPTURE_AUTORELEASING = YES;
				CLANG_WARN_BOOL_CONVERSION = YES;
				CLANG_WARN_COMMA = YES;
				CLANG_WARN_CONSTANT_CONVERSION = YES;
				CLANG_WARN_DEPRECATED_OBJC_IMPLEMENTATIONS = YES;
				CLANG_WARN_EMPTY_BODY = YES;
				CLANG_WARN_ENUM_CONVERSION = YES;
				CLANG_WARN_INFINITE_RECURSION = YES;
				CLANG_WARN_INT_CONVERSION = YES;
				CLANG_WARN_NON_LITERAL_NULL_CONVERSION = YES;
				CLANG_WARN_OBJC_IMPLICIT_RETAIN_SELF = YES;
				CLANG_WARN_OBJC_LITERAL_CONVERSION = YES;
				CLANG_WARN_QUOTED_INCLUDE_IN_FRAMEWORK_HEADER = YES;
				CLANG_WARN_RANGE_LOOP_ANALYSIS = YES;
				CLANG_WARN_STRICT_PROTOTYPES = YES;
				CLANG_WARN_SUSPICIOUS_MOVE = YES;
				CLANG_WARN_UNREACHABLE_CODE = YES;
				CLANG_WARN__DUPLICATE_METHOD_MATCH = YES;
				DEBUG_INFORMATION_FORMAT = "dwarf-with-dsym";
				ENABLE_STRICT_OBJC_MSGSEND = YES;
				ENABLE_TESTABILITY = YES;
				GCC_NO_COMMON_BLOCKS = YES;
				GCC_OPTIMIZATION_LEVEL = 0;
				GCC_PREPROCESSOR_DEFINITIONS = DEBUG;
				GCC_WARN_64_TO_32_BIT_CONVERSION = YES;
				GCC_WARN_ABOUT_RETURN_TYPE = YES;
				GCC_WARN_UNDECLARED_SELECTOR = YES;
				GCC_WARN_UNINITIALIZED_AUTOS = YES;
				GCC_WARN_UNUSED_FUNCTION = YES;
				GCC_WARN_UNUSED_VARIABLE = YES;
				MACOSX_DEPLOYMENT_TARGET = 10.9;
				ONLY_ACTIVE_ARCH = YES;
				WARNING_CFLAGS = "-Weverything";
			};
			name = Debug;
		};
		E0DC7C8708D40C5B00002C54 /* Release */ = {
			isa = XCBuildConfiguration;
			buildSettings = {
				CLANG_ANALYZER_LOCALIZABILITY_NONLOCALIZED = YES;
				CLANG_WARN_BLOCK_CAPTURE_AUTORELEASING = YES;
				CLANG_WARN_BOOL_CONVERSION = YES;
				CLANG_WARN_COMMA = YES;
				CLANG_WARN_CONSTANT_CONVERSION = YES;
				CLANG_WARN_DEPRECATED_OBJC_IMPLEMENTATIONS = YES;
				CLANG_WARN_EMPTY_BODY = YES;
				CLANG_WARN_ENUM_CONVERSION = YES;
				CLANG_WARN_INFINITE_RECURSION = YES;
				CLANG_WARN_INT_CONVERSION = YES;
				CLANG_WARN_NON_LITERAL_NULL_CONVERSION = YES;
				CLANG_WARN_OBJC_IMPLICIT_RETAIN_SELF = YES;
				CLANG_WARN_OBJC_LITERAL_CONVERSION = YES;
				CLANG_WARN_QUOTED_INCLUDE_IN_FRAMEWORK_HEADER = YES;
				CLANG_WARN_RANGE_LOOP_ANALYSIS = YES;
				CLANG_WARN_STRICT_PROTOTYPES = YES;
				CLANG_WARN_SUSPICIOUS_MOVE = YES;
				CLANG_WARN_UNREACHABLE_CODE = YES;
				CLANG_WARN__DUPLICATE_METHOD_MATCH = YES;
				DEBUG_INFORMATION_FORMAT = "dwarf-with-dsym";
				ENABLE_STRICT_OBJC_MSGSEND = YES;
				GCC_NO_COMMON_BLOCKS = YES;
				GCC_WARN_64_TO_32_BIT_CONVERSION = YES;
				GCC_WARN_ABOUT_RETURN_TYPE = YES;
				GCC_WARN_UNDECLARED_SELECTOR = YES;
				GCC_WARN_UNINITIALIZED_AUTOS = YES;
				GCC_WARN_UNUSED_FUNCTION = YES;
				GCC_WARN_UNUSED_VARIABLE = YES;
				MACOSX_DEPLOYMENT_TARGET = 10.9;
				WARNING_CFLAGS = "-Weverything";
			};
			name = Release;
		};
		E0E29B521041EA5D001084AF /* Debug */ = {
			isa = XCBuildConfiguration;
			buildSettings = {
				ALWAYS_SEARCH_USER_PATHS = NO;
				ARCHS = "$(ARCHS_STANDARD)";
				CLANG_ENABLE_OBJC_WEAK = YES;
				CODE_SIGN_IDENTITY = "Apple Development";
				CODE_SIGN_STYLE = Automatic;
				COMBINE_HIDPI_IMAGES = YES;
				COPY_PHASE_STRIP = NO;
				DEVELOPMENT_TEAM = 8D98N325TG;
				ENABLE_HARDENED_RUNTIME = YES;
				GCC_PREPROCESSOR_DEFINITIONS = (
					"$(GCC_PREPROCESSOR_DEFINITIONS)",
					USE_COCOA,
				);
				INFOPLIST_FILE = "SymbolicLinkerService-Info.plist";
				INSTALL_PATH = "$(HOME)/Applications";
				PRODUCT_BUNDLE_IDENTIFIER = "net.comcast.home.seiryu.${PRODUCT_NAME:rfc1034identifier}";
				PRODUCT_NAME = SymbolicLinker;
				PROVISIONING_PROFILE_SPECIFIER = "";
				SDKROOT = macosx;
				WRAPPER_EXTENSION = service;
			};
			name = Debug;
		};
		E0E29B531041EA5D001084AF /* Release */ = {
			isa = XCBuildConfiguration;
			buildSettings = {
				ALWAYS_SEARCH_USER_PATHS = NO;
				ARCHS = "$(ARCHS_STANDARD)";
				CLANG_ENABLE_OBJC_WEAK = YES;
				CODE_SIGN_IDENTITY = "Apple Development";
				COMBINE_HIDPI_IMAGES = YES;
				COPY_PHASE_STRIP = YES;
				DEVELOPMENT_TEAM = 8D98N325TG;
				ENABLE_HARDENED_RUNTIME = YES;
				GCC_PREPROCESSOR_DEFINITIONS = (
					"$(GCC_PREPROCESSOR_DEFINITIONS)",
					USE_COCOA,
				);
				INFOPLIST_FILE = "SymbolicLinkerService-Info.plist";
				INSTALL_PATH = "$(HOME)/Applications";
				PRODUCT_BUNDLE_IDENTIFIER = "net.comcast.home.seiryu.${PRODUCT_NAME:rfc1034identifier}";
				PRODUCT_NAME = SymbolicLinker;
				SDKROOT = macosx;
				WRAPPER_EXTENSION = service;
			};
			name = Release;
		};
/* End XCBuildConfiguration section */

/* Begin XCConfigurationList section */
		E0DC7C8508D40C5B00002C54 /* Build configuration list for PBXProject "SymbolicLinker" */ = {
			isa = XCConfigurationList;
			buildConfigurations = (
				E0DC7C8608D40C5B00002C54 /* Debug */,
				E0DC7C8708D40C5B00002C54 /* Release */,
			);
			defaultConfigurationIsVisible = 0;
			defaultConfigurationName = Release;
		};
		E0E29B541041EA5D001084AF /* Build configuration list for PBXNativeTarget "SymbolicLinker-Service" */ = {
			isa = XCConfigurationList;
			buildConfigurations = (
				E0E29B521041EA5D001084AF /* Debug */,
				E0E29B531041EA5D001084AF /* Release */,
			);
			defaultConfigurationIsVisible = 0;
			defaultConfigurationName = Release;
		};
/* End XCConfigurationList section */
	};
	rootObject = 089C1669FE841209C02AAC07 /* Project object */;
}
